PODS:
  - boost (1.76.0)
  - DoubleConversion (1.1.6)
  - EXApplication (5.1.1):
    - ExpoModulesCore
  - EXConstants (14.2.1):
    - ExpoModulesCore
  - EXFileSystem (15.2.2):
    - ExpoModulesCore
  - EXFont (11.1.1):
    - ExpoModulesCore
  - Expo (48.0.16):
    - ExpoModulesCore
  - ExpoKeepAwake (12.0.1):
    - ExpoModulesCore
  - ExpoModulesCore (1.2.7):
    - React-Core
    - React-RCTAppDelegate
    - ReactCommon/turbomodule/core
  - EXSplashScreen (0.18.2):
    - ExpoModulesCore
    - React-Core
  - FBLazyVector (0.71.7)
  - FBReactNativeSpec (0.71.7):
    - RCT-Folly (= 2021.07.22.00)
    - RCTRequired (= 0.71.7)
    - RCTTypeSafety (= 0.71.7)
    - React-Core (= 0.71.7)
    - React-jsi (= 0.71.7)
    - ReactCommon/turbomodule/core (= 0.71.7)
  - fmt (6.2.1)
  - glog (0.3.5)
  - RCT-Folly (2021.07.22.00):
    - boost
    - DoubleConversion
    - fmt (~> 6.2.1)
    - glog
    - RCT-Folly/Default (= 2021.07.22.00)
  - RCT-Folly/Default (2021.07.22.00):
    - boost
    - DoubleConversion
    - fmt (~> 6.2.1)
    - glog
  - RCTRequired (0.71.7)
  - RCTTypeSafety (0.71.7):
    - FBLazyVector (= 0.71.7)
    - RCTRequired (= 0.71.7)
    - React-Core (= 0.71.7)
  - React (0.71.7):
    - React-Core (= 0.71.7)
    - React-Core/DevSupport (= 0.71.7)
    - React-Core/RCTWebSocket (= 0.71.7)
    - React-RCTActionSheet (= 0.71.7)
    - React-RCTAnimation (= 0.71.7)
    - React-RCTBlob (= 0.71.7)
    - React-RCTImage (= 0.71.7)
    - React-RCTLinking (= 0.71.7)
    - React-RCTNetwork (= 0.71.7)
    - React-RCTSettings (= 0.71.7)
    - React-RCTText (= 0.71.7)
    - React-RCTVibration (= 0.71.7)
  - React-callinvoker (0.71.7)
  - React-Codegen (0.71.7):
    - FBReactNativeSpec
    - RCT-Folly
    - RCTRequired
    - RCTTypeSafety
    - React-Core
    - React-jsc
    - React-jsi
    - React-jsiexecutor
    - ReactCommon/turbomodule/bridging
    - ReactCommon/turbomodule/core
  - React-Core (0.71.7):
    - glog
    - RCT-Folly (= 2021.07.22.00)
    - React-Core/Default (= 0.71.7)
    - React-cxxreact (= 0.71.7)
    - React-jsc
    - React-jsi (= 0.71.7)
    - React-jsiexecutor (= 0.71.7)
    - React-perflogger (= 0.71.7)
    - Yoga
  - React-Core/CoreModulesHeaders (0.71.7):
    - glog
    - RCT-Folly (= 2021.07.22.00)
    - React-Core/Default
    - React-cxxreact (= 0.71.7)
    - React-jsc
    - React-jsi (= 0.71.7)
    - React-jsiexecutor (= 0.71.7)
    - React-perflogger (= 0.71.7)
    - Yoga
  - React-Core/Default (0.71.7):
    - glog
    - RCT-Folly (= 2021.07.22.00)
    - React-cxxreact (= 0.71.7)
    - React-jsc
    - React-jsi (= 0.71.7)
    - React-jsiexecutor (= 0.71.7)
    - React-perflogger (= 0.71.7)
    - Yoga
  - React-Core/DevSupport (0.71.7):
    - glog
    - RCT-Folly (= 2021.07.22.00)
    - React-Core/Default (= 0.71.7)
    - React-Core/RCTWebSocket (= 0.71.7)
    - React-cxxreact (= 0.71.7)
    - React-jsc
    - React-jsi (= 0.71.7)
    - React-jsiexecutor (= 0.71.7)
    - React-jsinspector (= 0.71.7)
    - React-perflogger (= 0.71.7)
    - Yoga
  - React-Core/RCTActionSheetHeaders (0.71.7):
    - glog
    - RCT-Folly (= 2021.07.22.00)
    - React-Core/Default
    - React-cxxreact (= 0.71.7)
    - React-jsc
    - React-jsi (= 0.71.7)
    - React-jsiexecutor (= 0.71.7)
    - React-perflogger (= 0.71.7)
    - Yoga
  - React-Core/RCTAnimationHeaders (0.71.7):
    - glog
    - RCT-Folly (= 2021.07.22.00)
    - React-Core/Default
    - React-cxxreact (= 0.71.7)
    - React-jsc
    - React-jsi (= 0.71.7)
    - React-jsiexecutor (= 0.71.7)
    - React-perflogger (= 0.71.7)
    - Yoga
  - React-Core/RCTBlobHeaders (0.71.7):
    - glog
    - RCT-Folly (= 2021.07.22.00)
    - React-Core/Default
    - React-cxxreact (= 0.71.7)
    - React-jsc
    - React-jsi (= 0.71.7)
    - React-jsiexecutor (= 0.71.7)
    - React-perflogger (= 0.71.7)
    - Yoga
  - React-Core/RCTImageHeaders (0.71.7):
    - glog
    - RCT-Folly (= 2021.07.22.00)
    - React-Core/Default
    - React-cxxreact (= 0.71.7)
    - React-jsc
    - React-jsi (= 0.71.7)
    - React-jsiexecutor (= 0.71.7)
    - React-perflogger (= 0.71.7)
    - Yoga
  - React-Core/RCTLinkingHeaders (0.71.7):
    - glog
    - RCT-Folly (= 2021.07.22.00)
    - React-Core/Default
    - React-cxxreact (= 0.71.7)
    - React-jsc
    - React-jsi (= 0.71.7)
    - React-jsiexecutor (= 0.71.7)
    - React-perflogger (= 0.71.7)
    - Yoga
  - React-Core/RCTNetworkHeaders (0.71.7):
    - glog
    - RCT-Folly (= 2021.07.22.00)
    - React-Core/Default
    - React-cxxreact (= 0.71.7)
    - React-jsc
    - React-jsi (= 0.71.7)
    - React-jsiexecutor (= 0.71.7)
    - React-perflogger (= 0.71.7)
    - Yoga
  - React-Core/RCTSettingsHeaders (0.71.7):
    - glog
    - RCT-Folly (= 2021.07.22.00)
    - React-Core/Default
    - React-cxxreact (= 0.71.7)
    - React-jsc
    - React-jsi (= 0.71.7)
    - React-jsiexecutor (= 0.71.7)
    - React-perflogger (= 0.71.7)
    - Yoga
  - React-Core/RCTTextHeaders (0.71.7):
    - glog
    - RCT-Folly (= 2021.07.22.00)
    - React-Core/Default
    - React-cxxreact (= 0.71.7)
    - React-jsc
    - React-jsi (= 0.71.7)
    - React-jsiexecutor (= 0.71.7)
    - React-perflogger (= 0.71.7)
    - Yoga
  - React-Core/RCTVibrationHeaders (0.71.7):
    - glog
    - RCT-Folly (= 2021.07.22.00)
    - React-Core/Default
    - React-cxxreact (= 0.71.7)
    - React-jsc
    - React-jsi (= 0.71.7)
    - React-jsiexecutor (= 0.71.7)
    - React-perflogger (= 0.71.7)
    - Yoga
  - React-Core/RCTWebSocket (0.71.7):
    - glog
    - RCT-Folly (= 2021.07.22.00)
    - React-Core/Default (= 0.71.7)
    - React-cxxreact (= 0.71.7)
    - React-jsc
    - React-jsi (= 0.71.7)
    - React-jsiexecutor (= 0.71.7)
    - React-perflogger (= 0.71.7)
    - Yoga
  - React-CoreModules (0.71.7):
    - RCT-Folly (= 2021.07.22.00)
    - RCTTypeSafety (= 0.71.7)
    - React-Codegen (= 0.71.7)
    - React-Core/CoreModulesHeaders (= 0.71.7)
    - React-jsi (= 0.71.7)
    - React-RCTBlob
    - React-RCTImage (= 0.71.7)
    - ReactCommon/turbomodule/core (= 0.71.7)
  - React-cxxreact (0.71.7):
    - boost (= 1.76.0)
    - DoubleConversion
    - glog
    - RCT-Folly (= 2021.07.22.00)
    - React-callinvoker (= 0.71.7)
    - React-jsi (= 0.71.7)
    - React-jsinspector (= 0.71.7)
    - React-logger (= 0.71.7)
    - React-perflogger (= 0.71.7)
    - React-runtimeexecutor (= 0.71.7)
  - React-jsc (0.71.7):
    - React-jsc/Fabric (= 0.71.7)
    - React-jsi (= 0.71.7)
  - React-jsc/Fabric (0.71.7):
    - React-jsi (= 0.71.7)
  - React-jsi (0.71.7):
    - boost (= 1.76.0)
    - DoubleConversion
    - glog
    - RCT-Folly (= 2021.07.22.00)
  - React-jsiexecutor (0.71.7):
    - DoubleConversion
    - glog
    - RCT-Folly (= 2021.07.22.00)
    - React-cxxreact (= 0.71.7)
    - React-jsi (= 0.71.7)
    - React-perflogger (= 0.71.7)
  - React-jsinspector (0.71.7)
  - React-logger (0.71.7):
    - glog
  - react-native-webview (11.26.0):
    - React-Core
  - React-perflogger (0.71.7)
  - React-RCTActionSheet (0.71.7):
    - React-Core/RCTActionSheetHeaders (= 0.71.7)
  - React-RCTAnimation (0.71.7):
    - RCT-Folly (= 2021.07.22.00)
    - RCTTypeSafety (= 0.71.7)
    - React-Codegen (= 0.71.7)
    - React-Core/RCTAnimationHeaders (= 0.71.7)
    - React-jsi (= 0.71.7)
    - ReactCommon/turbomodule/core (= 0.71.7)
  - React-RCTAppDelegate (0.71.7):
    - RCT-Folly
    - RCTRequired
    - RCTTypeSafety
    - React-Core
    - ReactCommon/turbomodule/core
  - React-RCTBlob (0.71.7):
    - RCT-Folly (= 2021.07.22.00)
    - React-Codegen (= 0.71.7)
    - React-Core/RCTBlobHeaders (= 0.71.7)
    - React-Core/RCTWebSocket (= 0.71.7)
    - React-jsi (= 0.71.7)
    - React-RCTNetwork (= 0.71.7)
    - ReactCommon/turbomodule/core (= 0.71.7)
  - React-RCTImage (0.71.7):
    - RCT-Folly (= 2021.07.22.00)
    - RCTTypeSafety (= 0.71.7)
    - React-Codegen (= 0.71.7)
    - React-Core/RCTImageHeaders (= 0.71.7)
    - React-jsi (= 0.71.7)
    - React-RCTNetwork (= 0.71.7)
    - ReactCommon/turbomodule/core (= 0.71.7)
  - React-RCTLinking (0.71.7):
    - React-Codegen (= 0.71.7)
    - React-Core/RCTLinkingHeaders (= 0.71.7)
    - React-jsi (= 0.71.7)
    - ReactCommon/turbomodule/core (= 0.71.7)
  - React-RCTNetwork (0.71.7):
    - RCT-Folly (= 2021.07.22.00)
    - RCTTypeSafety (= 0.71.7)
    - React-Codegen (= 0.71.7)
    - React-Core/RCTNetworkHeaders (= 0.71.7)
    - React-jsi (= 0.71.7)
    - ReactCommon/turbomodule/core (= 0.71.7)
  - React-RCTSettings (0.71.7):
    - RCT-Folly (= 2021.07.22.00)
    - RCTTypeSafety (= 0.71.7)
    - React-Codegen (= 0.71.7)
    - React-Core/RCTSettingsHeaders (= 0.71.7)
    - React-jsi (= 0.71.7)
    - ReactCommon/turbomodule/core (= 0.71.7)
  - React-RCTText (0.71.7):
    - React-Core/RCTTextHeaders (= 0.71.7)
  - React-RCTVibration (0.71.7):
    - RCT-Folly (= 2021.07.22.00)
    - React-Codegen (= 0.71.7)
    - React-Core/RCTVibrationHeaders (= 0.71.7)
    - React-jsi (= 0.71.7)
    - ReactCommon/turbomodule/core (= 0.71.7)
  - React-runtimeexecutor (0.71.7):
    - React-jsi (= 0.71.7)
  - ReactCommon/turbomodule/bridging (0.71.7):
    - DoubleConversion
    - glog
    - RCT-Folly (= 2021.07.22.00)
    - React-callinvoker (= 0.71.7)
    - React-Core (= 0.71.7)
    - React-cxxreact (= 0.71.7)
    - React-jsi (= 0.71.7)
    - React-logger (= 0.71.7)
    - React-perflogger (= 0.71.7)
  - ReactCommon/turbomodule/core (0.71.7):
    - DoubleConversion
    - glog
    - RCT-Folly (= 2021.07.22.00)
    - React-callinvoker (= 0.71.7)
    - React-Core (= 0.71.7)
    - React-cxxreact (= 0.71.7)
    - React-jsi (= 0.71.7)
    - React-logger (= 0.71.7)
    - React-perflogger (= 0.71.7)
  - Yoga (1.14.0)

DEPENDENCIES:
  - boost (from `../node_modules/react-native/third-party-podspecs/boost.podspec`)
  - DoubleConversion (from `../node_modules/react-native/third-party-podspecs/DoubleConversion.podspec`)
  - EXApplication (from `../node_modules/expo-application/ios`)
  - EXConstants (from `../node_modules/expo-constants/ios`)
  - EXFileSystem (from `../node_modules/expo-file-system/ios`)
  - EXFont (from `../node_modules/expo-font/ios`)
  - Expo (from `../node_modules/expo`)
  - ExpoKeepAwake (from `../node_modules/expo-keep-awake/ios`)
  - ExpoModulesCore (from `../node_modules/expo-modules-core`)
  - EXSplashScreen (from `../node_modules/expo-splash-screen/ios`)
  - FBLazyVector (from `../node_modules/react-native/Libraries/FBLazyVector`)
  - FBReactNativeSpec (from `../node_modules/react-native/React/FBReactNativeSpec`)
  - glog (from `../node_modules/react-native/third-party-podspecs/glog.podspec`)
  - RCT-Folly (from `../node_modules/react-native/third-party-podspecs/RCT-Folly.podspec`)
  - RCTRequired (from `../node_modules/react-native/Libraries/RCTRequired`)
  - RCTTypeSafety (from `../node_modules/react-native/Libraries/TypeSafety`)
  - React (from `../node_modules/react-native/`)
  - React-callinvoker (from `../node_modules/react-native/ReactCommon/callinvoker`)
  - React-Codegen (from `build/generated/ios`)
  - React-Core (from `../node_modules/react-native/`)
  - React-Core/RCTWebSocket (from `../node_modules/react-native/`)
  - React-CoreModules (from `../node_modules/react-native/React/CoreModules`)
  - React-cxxreact (from `../node_modules/react-native/ReactCommon/cxxreact`)
  - React-jsc (from `../node_modules/react-native/ReactCommon/jsc`)
  - React-jsi (from `../node_modules/react-native/ReactCommon/jsi`)
  - React-jsiexecutor (from `../node_modules/react-native/ReactCommon/jsiexecutor`)
  - React-jsinspector (from `../node_modules/react-native/ReactCommon/jsinspector`)
  - React-logger (from `../node_modules/react-native/ReactCommon/logger`)
  - react-native-webview (from `../node_modules/react-native-webview`)
  - React-perflogger (from `../node_modules/react-native/ReactCommon/reactperflogger`)
  - React-RCTActionSheet (from `../node_modules/react-native/Libraries/ActionSheetIOS`)
  - React-RCTAnimation (from `../node_modules/react-native/Libraries/NativeAnimation`)
  - React-RCTAppDelegate (from `../node_modules/react-native/Libraries/AppDelegate`)
  - React-RCTBlob (from `../node_modules/react-native/Libraries/Blob`)
  - React-RCTImage (from `../node_modules/react-native/Libraries/Image`)
  - React-RCTLinking (from `../node_modules/react-native/Libraries/LinkingIOS`)
  - React-RCTNetwork (from `../node_modules/react-native/Libraries/Network`)
  - React-RCTSettings (from `../node_modules/react-native/Libraries/Settings`)
  - React-RCTText (from `../node_modules/react-native/Libraries/Text`)
  - React-RCTVibration (from `../node_modules/react-native/Libraries/Vibration`)
  - React-runtimeexecutor (from `../node_modules/react-native/ReactCommon/runtimeexecutor`)
  - ReactCommon/turbomodule/core (from `../node_modules/react-native/ReactCommon`)
  - Yoga (from `../node_modules/react-native/ReactCommon/yoga`)

SPEC REPOS:
  trunk:
    - fmt

EXTERNAL SOURCES:
  boost:
    :podspec: "../node_modules/react-native/third-party-podspecs/boost.podspec"
  DoubleConversion:
    :podspec: "../node_modules/react-native/third-party-podspecs/DoubleConversion.podspec"
  EXApplication:
    :path: "../node_modules/expo-application/ios"
  EXConstants:
    :path: "../node_modules/expo-constants/ios"
  EXFileSystem:
    :path: "../node_modules/expo-file-system/ios"
  EXFont:
    :path: "../node_modules/expo-font/ios"
  Expo:
    :path: "../node_modules/expo"
  ExpoKeepAwake:
    :path: "../node_modules/expo-keep-awake/ios"
  ExpoModulesCore:
    :path: "../node_modules/expo-modules-core"
  EXSplashScreen:
    :path: "../node_modules/expo-splash-screen/ios"
  FBLazyVector:
    :path: "../node_modules/react-native/Libraries/FBLazyVector"
  FBReactNativeSpec:
    :path: "../node_modules/react-native/React/FBReactNativeSpec"
  glog:
    :podspec: "../node_modules/react-native/third-party-podspecs/glog.podspec"
  RCT-Folly:
    :podspec: "../node_modules/react-native/third-party-podspecs/RCT-Folly.podspec"
  RCTRequired:
    :path: "../node_modules/react-native/Libraries/RCTRequired"
  RCTTypeSafety:
    :path: "../node_modules/react-native/Libraries/TypeSafety"
  React:
    :path: "../node_modules/react-native/"
  React-callinvoker:
    :path: "../node_modules/react-native/ReactCommon/callinvoker"
  React-Codegen:
    :path: build/generated/ios
  React-Core:
    :path: "../node_modules/react-native/"
  React-CoreModules:
    :path: "../node_modules/react-native/React/CoreModules"
  React-cxxreact:
    :path: "../node_modules/react-native/ReactCommon/cxxreact"
  React-jsc:
    :path: "../node_modules/react-native/ReactCommon/jsc"
  React-jsi:
    :path: "../node_modules/react-native/ReactCommon/jsi"
  React-jsiexecutor:
    :path: "../node_modules/react-native/ReactCommon/jsiexecutor"
  React-jsinspector:
    :path: "../node_modules/react-native/ReactCommon/jsinspector"
  React-logger:
    :path: "../node_modules/react-native/ReactCommon/logger"
  react-native-webview:
    :path: "../node_modules/react-native-webview"
  React-perflogger:
    :path: "../node_modules/react-native/ReactCommon/reactperflogger"
  React-RCTActionSheet:
    :path: "../node_modules/react-native/Libraries/ActionSheetIOS"
  React-RCTAnimation:
    :path: "../node_modules/react-native/Libraries/NativeAnimation"
  React-RCTAppDelegate:
    :path: "../node_modules/react-native/Libraries/AppDelegate"
  React-RCTBlob:
    :path: "../node_modules/react-native/Libraries/Blob"
  React-RCTImage:
    :path: "../node_modules/react-native/Libraries/Image"
  React-RCTLinking:
    :path: "../node_modules/react-native/Libraries/LinkingIOS"
  React-RCTNetwork:
    :path: "../node_modules/react-native/Libraries/Network"
  React-RCTSettings:
    :path: "../node_modules/react-native/Libraries/Settings"
  React-RCTText:
    :path: "../node_modules/react-native/Libraries/Text"
  React-RCTVibration:
    :path: "../node_modules/react-native/Libraries/Vibration"
  React-runtimeexecutor:
    :path: "../node_modules/react-native/ReactCommon/runtimeexecutor"
  ReactCommon:
    :path: "../node_modules/react-native/ReactCommon"
  Yoga:
    :path: "../node_modules/react-native/ReactCommon/yoga"

SPEC CHECKSUMS:
  boost: 57d2868c099736d80fcd648bf211b4431e51a558
  DoubleConversion: 5189b271737e1565bdce30deb4a08d647e3f5f54
  EXApplication: d8f53a7eee90a870a75656280e8d4b85726ea903
  EXConstants: f348da07e21b23d2b085e270d7b74f282df1a7d9
  EXFileSystem: 844e86ca9b5375486ecc4ef06d3838d5597d895d
  EXFont: 6ea3800df746be7233208d80fe379b8ed74f4272
  Expo: b1457fbd549c00d17b62c402bc98c8229aace6d8
  ExpoKeepAwake: 69f5f627670d62318410392d03e0b5db0f85759a
  ExpoModulesCore: 653958063a301098b541ae4dfed1ac0b98db607b
  EXSplashScreen: 0e0a9ba0cf7553094e93213099bd7b42e6e237e9
  FBLazyVector: a89a0525bc7ca174675045c2b492b5280d5a2470
  FBReactNativeSpec: 7714e6bc1e9ea23df6c4cb42f0b2fd9c6a3a559c
  fmt: ff9d55029c625d3757ed641535fd4a75fedc7ce9
  glog: 04b94705f318337d7ead9e6d17c019bd9b1f6b1b
  RCT-Folly: 424b8c9a7a0b9ab2886ffe9c3b041ef628fd4fb1
  RCTRequired: 5a4a30ac20c86eeadd6844a9328f78d4168cf9b2
  RCTTypeSafety: 279fc5861a89f0f37db3a585f27f971485b4b734
  React: 88307a9be3bd0e71a6822271cf28b84a587fb97f
  React-callinvoker: 35fb980c454104ebe82f0afb9826830089248e08
  React-Codegen: b12a629b42278c1ea34b58e5a33c24a2100fdd3e
  React-Core: 321babf8fcfc49b81505896bc43fc8288865d465
  React-CoreModules: c2b7db313b04d9b71954ffd55d0c2e46bc40e9fb
  React-cxxreact: d93d501dc91ff5db1e645f92e2ff5d2f1349049b
  React-jsc: a2ee2ef9564e9157980fa81e587797e97b582f36
  React-jsi: 22ecc03690968d82c6103ba2818ce7aefa2da59e
  React-jsiexecutor: e722e6f755992c2c33ff8a4eb6833e5a55cd8296
  React-jsinspector: 9885f6f94d231b95a739ef7bb50536fb87ce7539
  React-logger: 3f8ebad1be1bf3299d1ab6d7f971802d7395c7ef
  react-native-webview: 994b9f8fbb504d6314dc40d83f94f27c6831b3bf
  React-perflogger: 2d505bbe298e3b7bacdd9e542b15535be07220f6
  React-RCTActionSheet: 0e96e4560bd733c9b37efbf68f5b1a47615892fb
  React-RCTAnimation: fd138e26f120371c87e406745a27535e2c8a04ef
  React-RCTAppDelegate: 0b535af4d6912d86d7ac57ab689c19643151c2e7
  React-RCTBlob: 830e421bccb2959254af0c0c66deb5d13ddd6674
  React-RCTImage: 92b0966e7c1cadda889e961c474397ad5180e194
  React-RCTLinking: b80f8d0c6e94c54294b0048def51f57eaa9a27af
  React-RCTNetwork: 491b0c65ac22edbd6695d12d084b4943103b009b
  React-RCTSettings: 97af3e8abe0023349ec015910df3bda1a0380117
  React-RCTText: 33c85753bd714d527d2ae538dc56ec24c6783d84
  React-RCTVibration: 08f132cad9896458776f37c112e71d60aef1c6ae
  React-runtimeexecutor: c5c89f8f543842dd864b63ded1b0bbb9c9445328
  ReactCommon: 7efec56db1e74f34e24beadcdda6942829d19c4c
  Yoga: d56980c8914db0b51692f55533409e844b66133c

PODFILE CHECKSUM: 07f6e20f83f0925a5fbd0343df7a3af88d892b2c

COCOAPODS: 1.12.1
